github.com/bitcoinschema/go-aip v0.3.3 h1:hTe9xbjVA6yGZgVjXdsdSprq9HEoZYMfNOXJBJlbE3E=
github.com/bitcoinschema/go-aip v0.3.3/go.mod h1:Dw/AS97LfD8Jq4efsZAFG6gTZAVl3pp5yMDA5UmhhJY=
github.com/bitcoinschema/go-bob v0.5.2 h1:DKABIT6NCScvkeyGVCdpbxHb0EzcbXzKpvbS1SdPuuo=
github.com/bitcoinschema/go-bob v0.5.2/go.mod h1:wiDgN//GF1u9OwA1TrxHZZuE9wDKtkW8T8xGf5RRFY0=
github.com/bitcoinschema/go-bpu v0.2.2 h1:F/eIC8XhzwgptpA1+rgYQo8bzT51nVozdXpASsxPIno=
github.com/bitcoinschema/go-bpu v0.2.2/go.mod h1:zppAI/4uAi+lSKBAc7QtWp98d+iczCB6CnGrGV75fAQ=
github.com/bsv-blockchain/go-sdk v1.4.1 h1:J2hECn17QkLXq8K8O0m0qA7yih4YmWFTX6o9Ox72Tf8=
github.com/bsv-blockchain/go-sdk v1.4.1/go.mod h1:p2aRf3+hHx8uaQazzVBbX/iFv/vatCFbazrM7RmvT08=
github.com/davecgh/go-spew v1.1.1 h1:vj9j/u1bqnvCEfJOwUhtlOARqs3+rkHYY13jYWTU97c=
github.com/davecgh/go-spew v1.1.1/go.mod h1:J7Y8YcW2NihsgmVo/mv3lAwl/skON4iLHjSsI+c5H38=
github.com/pkg/errors v0.9.1 h1:FEBLx1zS214owpjy7qsBeixbURkuhQAwrK5UwLGTwt4=
github.com/pkg/errors v0.9.1/go.mod h1:bwawxfHBFNV+L2hUp1rHADufV3IMtnDRdf1r5NINEl0=
github.com/stretchr/testify v1.12.1 h1:EuwCh5fleGS7H32xRwO3wRGT7DxrDhLAT6FF8MpWDWE=
github.com/stretchr/testify v1.12.1/go.mod h1:MDEgiDPPsNp5cuIrHPPCyornHKgEVbtFUmoNlxoYthg=
go.yaml.in/yaml/v3 v3.0.5 h1:N6y/pJk8buWs9NY5ERU2HSMfm+IuD/OtfdAnq6kESPw=
go.yaml.in/yaml/v3 v3.0.5/go.mod h1:HVTZu1O7/Vkt2N+BFy8Zza+lnLsABggaTM2ZpNIGuKg=
golang.org/x/crypto v0.56.0 h1:GUh5Ii4J5jtcseSMiRqr1jXCNHoxjeV9Fmekc2oLy6Y=
golang.org/x/crypto v0.56.0/go.mod h1:OMW5y6CY9l38uPLmxU6l6pwcXp1obtLo3e6gT7gQR2I=
